
Microsoft Visual Studio Solution File, Format Version 12.00
# Visual Studio Version 17
VisualStudioVersion = 17.5.002.0
MinimumVisualStudioVersion = 10.0.40219.1
Project("{2150E333-8FDC-42A3-9474-1A3956D46DE8}") = "ChallengeProject", "ChallengeProject", "{6162AC83-5638-4670-87AC-BAEEE402197C}"
EndProject
Project("{9A19103F-16F7-4668-BE54-9A1E7A4F7556}") = "Starter", "ChallengeProject\Starter\Starter.csproj", "{D358F57A-7A85-402B-AFA7-2D38E06E7E3D}"
EndProject
Project("{9A19103F-16F7-4668-BE54-9A1E7A4F7556}") = "Final", "ChallengeProject\Final\Final.csproj", "{68F81AFF-71DA-40D2-8A01-1A01A55F4F6D}"
EndProject
Global
	GlobalSection(SolutionConfigurationPlatforms) = preSolution
		Debug|Any CPU = Debug|Any CPU
		Release|Any CPU = Release|Any CPU
	EndGlobalSection
	GlobalSection(ProjectConfigurationPlatforms) = postSolution
		{D358F57A-7A85-402B-AFA7-2D38E06E7E3D}.Debug|Any CPU.ActiveCfg = Debug|Any CPU
		{D358F57A-7A85-402B-AFA7-2D38E06E7E3D}.Debug|Any CPU.Build.0 = Debug|Any CPU
		{D358F57A-7A85-402B-AFA7-2D38E06E7E3D}.Release|Any CPU.ActiveCfg = Release|Any CPU
		{D358F57A-7A85-402B-AFA7-2D38E06E7E3D}.Release|Any CPU.Build.0 = Release|Any CPU
		{68F81AFF-71DA-40D2-8A01-1A01A55F4F6D}.Debug|Any CPU.ActiveCfg = Debug|Any CPU
		{68F81AFF-71DA-40D2-8A01-1A01A55F4F6D}.Debug|Any CPU.Build.0 = Debug|Any CPU
		{68F81AFF-71DA-40D2-8A01-1A01A55F4F6D}.Release|Any CPU.ActiveCfg = Release|Any CPU
		{68F81AFF-71DA-40D2-8A01-1A01A55F4F6D}.Release|Any CPU.Build.0 = Release|Any CPU
	EndGlobalSection
	GlobalSection(SolutionProperties) = preSolution
		HideSolutionNode = FALSE
	EndGlobalSection
	GlobalSection(NestedProjects) = preSolution
		{D358F57A-7A85-402B-AFA7-2D38E06E7E3D} = {6162AC83-5638-4670-87AC-BAEEE402197C}
		{68F81AFF-71DA-40D2-8A01-1A01A55F4F6D} = {6162AC83-5638-4670-87AC-BAEEE402197C}
	EndGlobalSection
	GlobalSection(ExtensibilityGlobals) = postSolution
		SolutionGuid = {A8DB14A9-573B-494C-8221-561F2E063A4D}
	EndGlobalSection
EndGlobal
